
Microsoft Visual Studio Solution File, Format Version 12.00
# Visual Studio 15
VisualStudioVersion = 15.0.28307.102
MinimumVisualStudioVersion = 10.0.40219.1
Project("{FAE04EC0-301F-11D3-BF4B-00C04F79EFBC}") = "04.03.2019_CW", "04\04.03.2019_CW.csproj", "{7523CFD4-F17D-4A67-9E63-25B86BA20104}"
EndProject
Global
	GlobalSection(SolutionConfigurationPlatforms) = preSolution
		Debug|Any CPU = Debug|Any CPU
		Release|Any CPU = Release|Any CPU
	EndGlobalSection
	GlobalSection(ProjectConfigurationPlatforms) = postSolution
		{7523CFD4-F17D-4A67-9E63-25B86BA20104}.Debug|Any CPU.ActiveCfg = Debug|Any CPU
		{7523CFD4-F17D-4A67-9E63-25B86BA20104}.Debug|Any CPU.Build.0 = Debug|Any CPU
		{7523CFD4-F17D-4A67-9E63-25B86BA20104}.Release|Any CPU.ActiveCfg = Release|Any CPU
		{7523CFD4-F17D-4A67-9E63-25B86BA20104}.Release|Any CPU.Build.0 = Release|Any CPU
	EndGlobalSection
	GlobalSection(SolutionProperties) = preSolution
		HideSolutionNode = FALSE
	EndGlobalSection
	GlobalSection(ExtensibilityGlobals) = postSolution
		SolutionGuid = {3CDC69C8-4004-4D63-A5F5-48AE849D9367}
	EndGlobalSection
EndGlobal
